// !$*UTF8*$!
{
	archiveVersion = 1;
	classes = {
	};
	objectVersion = 46;
	objects = {

/* Begin PBXBuildFile section */
		212FDD444405E1ACEA770B58 /* libPods-MobileVA.a in Frameworks */ = {isa = PBXBuildFile; fileRef = 2DE420BD9E21886D5B8C8CD3 /* libPods-MobileVA.a */; };
		7418BF5F1E7A80F500B9C2E3 /* VAView.m in Sources */ = {isa = PBXBuildFile; fileRef = 7418BF5E1E7A80F500B9C2E3 /* VAView.m */; };
		7418BF631E7A854D00B9C2E3 /* VADataCoordinator.m in Sources */ = {isa = PBXBuildFile; fileRef = 7418BF621E7A854D00B9C2E3 /* VADataCoordinator.m */; };
		7418BF661E7A855A00B9C2E3 /* VADataModel.m in Sources */ = {isa = PBXBuildFile; fileRef = 7418BF651E7A855A00B9C2E3 /* VADataModel.m */; };
		7418BF691E7A908400B9C2E3 /* VAEgoPerson.m in Sources */ = {isa = PBXBuildFile; fileRef = 7418BF681E7A908400B9C2E3 /* VAEgoPerson.m */; };
		7418BF6C1E7A913F00B9C2E3 /* VAService.m in Sources */ = {isa = PBXBuildFile; fileRef = 7418BF6B1E7A913F00B9C2E3 /* VAService.m */; };
		7418BF6F1E7A914900B9C2E3 /* VAUtil.m in Sources */ = {isa = PBXBuildFile; fileRef = 7418BF6E1E7A914900B9C2E3 /* VAUtil.m */; };
		7418BF741E7AA9B700B9C2E3 /* VAViewController.m in Sources */ = {isa = PBXBuildFile; fileRef = 7418BF731E7AA9B700B9C2E3 /* VAViewController.m */; };
		7418BF771E7AA9D000B9C2E3 /* VAVideoViewController.m in Sources */ = {isa = PBXBuildFile; fileRef = 7418BF761E7AA9D000B9C2E3 /* VAVideoViewController.m */; };
		7418BF7B1E7AAA2700B9C2E3 /* Main.storyboard in Resources */ = {isa = PBXBuildFile; fileRef = 7418BF7A1E7AAA2700B9C2E3 /* Main.storyboard */; };
		7418BF7F1E7AADDC00B9C2E3 /* ExtendNSLog.m in Sources */ = {isa = PBXBuildFile; fileRef = 7418BF7E1E7AADDC00B9C2E3 /* ExtendNSLog.m */; };
		7418BF841E7AB5F500B9C2E3 /* FDSmoother.m in Sources */ = {isa = PBXBuildFile; fileRef = 7418BF831E7AB5F500B9C2E3 /* FDSmoother.m */; };
		7418BF8D1E7AB67400B9C2E3 /* UIImage+Trim.m in Sources */ = {isa = PBXBuildFile; fileRef = 7418BF861E7AB67300B9C2E3 /* UIImage+Trim.m */; };
		7418BF8E1E7AB67400B9C2E3 /* NSObject+AssociatedObject.m in Sources */ = {isa = PBXBuildFile; fileRef = 7418BF881E7AB67400B9C2E3 /* NSObject+AssociatedObject.m */; };
		7418BF8F1E7AB67400B9C2E3 /* UIAlertController+Window.m in Sources */ = {isa = PBXBuildFile; fileRef = 7418BF8A1E7AB67400B9C2E3 /* UIAlertController+Window.m */; };
		7418BF901E7AB67400B9C2E3 /* UIImage+Extensions.m in Sources */ = {isa = PBXBuildFile; fileRef = 7418BF8C1E7AB67400B9C2E3 /* UIImage+Extensions.m */; settings = {COMPILER_FLAGS = "-fno-objc-arc"; }; };
		742D329F1E7C12C50036B9D9 /* NSString+JSON.m in Sources */ = {isa = PBXBuildFile; fileRef = 742D329E1E7C12C50036B9D9 /* NSString+JSON.m */; };
		742D32A21E7C12FB0036B9D9 /* NSArray+JSON.m in Sources */ = {isa = PBXBuildFile; fileRef = 742D32A11E7C12FB0036B9D9 /* NSArray+JSON.m */; };
		742D32A51E7C13930036B9D9 /* NSDictionary+JSON.m in Sources */ = {isa = PBXBuildFile; fileRef = 742D32A41E7C13930036B9D9 /* NSDictionary+JSON.m */; };
		742D32A81E7C45A90036B9D9 /* Web in Resources */ = {isa = PBXBuildFile; fileRef = 742D32A71E7C45A90036B9D9 /* Web */; };
		743CFD8F1E7EBF7900A4CEAE /* VAMatrixView.m in Sources */ = {isa = PBXBuildFile; fileRef = 743CFD8E1E7EBF7900A4CEAE /* VAMatrixView.m */; };
		743CFD921E7EC77700A4CEAE /* VAMatrixCellView.m in Sources */ = {isa = PBXBuildFile; fileRef = 743CFD911E7EC77700A4CEAE /* VAMatrixCellView.m */; };
		743CFD951E7EE24D00A4CEAE /* UIColor+Hex.m in Sources */ = {isa = PBXBuildFile; fileRef = 743CFD941E7EE24D00A4CEAE /* UIColor+Hex.m */; };
		74CDA8491E7D512F003B2579 /* VAHomeViewController.m in Sources */ = {isa = PBXBuildFile; fileRef = 74CDA8481E7D512F003B2579 /* VAHomeViewController.m */; };
		74CDA84D1E7D5818003B2579 /* NSString+URLEncode.m in Sources */ = {isa = PBXBuildFile; fileRef = 74CDA84C1E7D5818003B2579 /* NSString+URLEncode.m */; };
		74CDA8501E7D74DC003B2579 /* VAMDSViewController.m in Sources */ = {isa = PBXBuildFile; fileRef = 74CDA84F1E7D74DC003B2579 /* VAMDSViewController.m */; };
		74CDA8531E7D74EB003B2579 /* VATableListViewController.m in Sources */ = {isa = PBXBuildFile; fileRef = 74CDA8521E7D74EB003B2579 /* VATableListViewController.m */; };
		74CDA8561E7D74F9003B2579 /* VATimeLineViewController.m in Sources */ = {isa = PBXBuildFile; fileRef = 74CDA8551E7D74F9003B2579 /* VATimeLineViewController.m */; };
		74DE5D531E7A659C0060EA57 /* main.m in Sources */ = {isa = PBXBuildFile; fileRef = 74DE5D521E7A659C0060EA57 /* main.m */; };
		74DE5D561E7A659C0060EA57 /* AppDelegate.m in Sources */ = {isa = PBXBuildFile; fileRef = 74DE5D551E7A659C0060EA57 /* AppDelegate.m */; };
		74DE5D591E7A659C0060EA57 /* ViewController.m in Sources */ = {isa = PBXBuildFile; fileRef = 74DE5D581E7A659C0060EA57 /* ViewController.m */; };
		74DE5D5C1E7A659C0060EA57 /* LaunchScreen.storyboard in Resources */ = {isa = PBXBuildFile; fileRef = 74DE5D5A1E7A659C0060EA57 /* LaunchScreen.storyboard */; };
		74DE5D5E1E7A659C0060EA57 /* Assets.xcassets in Resources */ = {isa = PBXBuildFile; fileRef = 74DE5D5D1E7A659C0060EA57 /* Assets.xcassets */; };
/* End PBXBuildFile section */

/* Begin PBXFileReference section */
		2DE420BD9E21886D5B8C8CD3 /* libPods-MobileVA.a */ = {isa = PBXFileReference; explicitFileType = archive.ar; includeInIndex = 0; path = "libPods-MobileVA.a"; sourceTree = BUILT_PRODUCTS_DIR; };
		533FA2F97FE1BB011B8D0B89 /* Pods-MobileVA.debug.xcconfig */ = {isa = PBXFileReference; includeInIndex = 1; lastKnownFileType = text.xcconfig; name = "Pods-MobileVA.debug.xcconfig"; path = "Pods/Target Support Files/Pods-MobileVA/Pods-MobileVA.debug.xcconfig"; sourceTree = "<group>"; };
		7418BF5D1E7A80F500B9C2E3 /* VAView.h */ = {isa = PBXFileReference; fileEncoding = 4; lastKnownFileType = sourcecode.c.h; name = VAView.h; path = Class/VAView.h; sourceTree = "<group>"; };
		7418BF5E1E7A80F500B9C2E3 /* VAView.m */ = {isa = PBXFileReference; fileEncoding = 4; lastKnownFileType = sourcecode.c.objc; name = VAView.m; path = Class/VAView.m; sourceTree = "<group>"; };
		7418BF611E7A854D00B9C2E3 /* VADataCoordinator.h */ = {isa = PBXFileReference; fileEncoding = 4; lastKnownFileType = sourcecode.c.h; path = VADataCoordinator.h; sourceTree = "<group>"; };
		7418BF621E7A854D00B9C2E3 /* VADataCoordinator.m */ = {isa = PBXFileReference; fileEncoding = 4; lastKnownFileType = sourcecode.c.objc; path = VADataCoordinator.m; sourceTree = "<group>"; };
		7418BF641E7A855A00B9C2E3 /* VADataModel.h */ = {isa = PBXFileReference; fileEncoding = 4; lastKnownFileType = sourcecode.c.h; path = VADataModel.h; sourceTree = "<group>"; };
		7418BF651E7A855A00B9C2E3 /* VADataModel.m */ = {isa = PBXFileReference; fileEncoding = 4; lastKnownFileType = sourcecode.c.objc; path = VADataModel.m; sourceTree = "<group>"; };
		7418BF671E7A908400B9C2E3 /* VAEgoPerson.h */ = {isa = PBXFileReference; fileEncoding = 4; lastKnownFileType = sourcecode.c.h; path = VAEgoPerson.h; sourceTree = "<group>"; };
		7418BF681E7A908400B9C2E3 /* VAEgoPerson.m */ = {isa = PBXFileReference; fileEncoding = 4; lastKnownFileType = sourcecode.c.objc; path = VAEgoPerson.m; sourceTree = "<group>"; };
		7418BF6A1E7A913F00B9C2E3 /* VAService.h */ = {isa = PBXFileReference; fileEncoding = 4; lastKnownFileType = sourcecode.c.h; path = VAService.h; sourceTree = "<group>"; };
		7418BF6B1E7A913F00B9C2E3 /* VAService.m */ = {isa = PBXFileReference; fileEncoding = 4; lastKnownFileType = sourcecode.c.objc; path = VAService.m; sourceTree = "<group>"; };
		7418BF6D1E7A914900B9C2E3 /* VAUtil.h */ = {isa = PBXFileReference; fileEncoding = 4; lastKnownFileType = sourcecode.c.h; path = VAUtil.h; sourceTree = "<group>"; };
		7418BF6E1E7A914900B9C2E3 /* VAUtil.m */ = {isa = PBXFileReference; fileEncoding = 4; lastKnownFileType = sourcecode.c.objc; path = VAUtil.m; sourceTree = "<group>"; };
		7418BF701E7A916000B9C2E3 /* PrefixHeader.pch */ = {isa = PBXFileReference; lastKnownFileType = sourcecode.c.h; path = PrefixHeader.pch; sourceTree = "<group>"; };
		7418BF721E7AA9B700B9C2E3 /* VAViewController.h */ = {isa = PBXFileReference; fileEncoding = 4; lastKnownFileType = sourcecode.c.h; path = VAViewController.h; sourceTree = "<group>"; };
		7418BF731E7AA9B700B9C2E3 /* VAViewController.m */ = {isa = PBXFileReference; fileEncoding = 4; lastKnownFileType = sourcecode.c.objc; path = VAViewController.m; sourceTree = "<group>"; };
		7418BF751E7AA9D000B9C2E3 /* VAVideoViewController.h */ = {isa = PBXFileReference; fileEncoding = 4; lastKnownFileType = sourcecode.c.h; path = VAVideoViewController.h; sourceTree = "<group>"; };
		7418BF761E7AA9D000B9C2E3 /* VAVideoViewController.m */ = {isa = PBXFileReference; fileEncoding = 4; lastKnownFileType = sourcecode.c.objc; path = VAVideoViewController.m; sourceTree = "<group>"; };
		7418BF7A1E7AAA2700B9C2E3 /* Main.storyboard */ = {isa = PBXFileReference; fileEncoding = 4; lastKnownFileType = file.storyboard; path = Main.storyboard; sourceTree = "<group>"; };
		7418BF7D1E7AADDC00B9C2E3 /* ExtendNSLog.h */ = {isa = PBXFileReference; fileEncoding = 4; lastKnownFileType = sourcecode.c.h; path = ExtendNSLog.h; sourceTree = "<group>"; };
		7418BF7E1E7AADDC00B9C2E3 /* ExtendNSLog.m */ = {isa = PBXFileReference; fileEncoding = 4; lastKnownFileType = sourcecode.c.objc; path = ExtendNSLog.m; sourceTree = "<group>"; };
		7418BF821E7AB5F500B9C2E3 /* FDSmoother.h */ = {isa = PBXFileReference; fileEncoding = 4; lastKnownFileType = sourcecode.c.h; path = FDSmoother.h; sourceTree = "<group>"; };
		7418BF831E7AB5F500B9C2E3 /* FDSmoother.m */ = {isa = PBXFileReference; fileEncoding = 4; lastKnownFileType = sourcecode.c.objc; path = FDSmoother.m; sourceTree = "<group>"; };
		7418BF851E7AB67300B9C2E3 /* UIImage+Trim.h */ = {isa = PBXFileReference; fileEncoding = 4; lastKnownFileType = sourcecode.c.h; path = "UIImage+Trim.h"; sourceTree = "<group>"; };
		7418BF861E7AB67300B9C2E3 /* UIImage+Trim.m */ = {isa = PBXFileReference; fileEncoding = 4; lastKnownFileType = sourcecode.c.objc; path = "UIImage+Trim.m"; sourceTree = "<group>"; };
		7418BF871E7AB67300B9C2E3 /* NSObject+AssociatedObject.h */ = {isa = PBXFileReference; fileEncoding = 4; lastKnownFileType = sourcecode.c.h; path = "NSObject+AssociatedObject.h"; sourceTree = "<group>"; };
		7418BF881E7AB67400B9C2E3 /* NSObject+AssociatedObject.m */ = {isa = PBXFileReference; fileEncoding = 4; lastKnownFileType = sourcecode.c.objc; path = "NSObject+AssociatedObject.m"; sourceTree = "<group>"; };
		7418BF891E7AB67400B9C2E3 /* UIAlertController+Window.h */ = {isa = PBXFileReference; fileEncoding = 4; lastKnownFileType = sourcecode.c.h; path = "UIAlertController+Window.h"; sourceTree = "<group>"; };
		7418BF8A1E7AB67400B9C2E3 /* UIAlertController+Window.m */ = {isa = PBXFileReference; fileEncoding = 4; lastKnownFileType = sourcecode.c.objc; path = "UIAlertController+Window.m"; sourceTree = "<group>"; };
		7418BF8B1E7AB67400B9C2E3 /* UIImage+Extensions.h */ = {isa = PBXFileReference; fileEncoding = 4; lastKnownFileType = sourcecode.c.h; path = "UIImage+Extensions.h"; sourceTree = "<group>"; };
		7418BF8C1E7AB67400B9C2E3 /* UIImage+Extensions.m */ = {isa = PBXFileReference; fileEncoding = 4; lastKnownFileType = sourcecode.c.objc; path = "UIImage+Extensions.m"; sourceTree = "<group>"; };
		742D329D1E7C12C50036B9D9 /* NSString+JSON.h */ = {isa = PBXFileReference; fileEncoding = 4; lastKnownFileType = sourcecode.c.h; path = "NSString+JSON.h"; sourceTree = "<group>"; };
		742D329E1E7C12C50036B9D9 /* NSString+JSON.m */ = {isa = PBXFileReference; fileEncoding = 4; lastKnownFileType = sourcecode.c.objc; path = "NSString+JSON.m"; sourceTree = "<group>"; };
		742D32A01E7C12FB0036B9D9 /* NSArray+JSON.h */ = {isa = PBXFileReference; fileEncoding = 4; lastKnownFileType = sourcecode.c.h; path = "NSArray+JSON.h"; sourceTree = "<group>"; };
		742D32A11E7C12FB0036B9D9 /* NSArray+JSON.m */ = {isa = PBXFileReference; fileEncoding = 4; lastKnownFileType = sourcecode.c.objc; path = "NSArray+JSON.m"; sourceTree = "<group>"; };
		742D32A31E7C13930036B9D9 /* NSDictionary+JSON.h */ = {isa = PBXFileReference; fileEncoding = 4; lastKnownFileType = sourcecode.c.h; path = "NSDictionary+JSON.h"; sourceTree = "<group>"; };
		742D32A41E7C13930036B9D9 /* NSDictionary+JSON.m */ = {isa = PBXFileReference; fileEncoding = 4; lastKnownFileType = sourcecode.c.objc; path = "NSDictionary+JSON.m"; sourceTree = "<group>"; };
		742D32A71E7C45A90036B9D9 /* Web */ = {isa = PBXFileReference; lastKnownFileType = folder; path = Web; sourceTree = "<group>"; };
		743CFD8D1E7EBF7900A4CEAE /* VAMatrixView.h */ = {isa = PBXFileReference; fileEncoding = 4; lastKnownFileType = sourcecode.c.h; path = VAMatrixView.h; sourceTree = "<group>"; };
		743CFD8E1E7EBF7900A4CEAE /* VAMatrixView.m */ = {isa = PBXFileReference; fileEncoding = 4; lastKnownFileType = sourcecode.c.objc; path = VAMatrixView.m; sourceTree = "<group>"; };
		743CFD901E7EC77700A4CEAE /* VAMatrixCellView.h */ = {isa = PBXFileReference; fileEncoding = 4; lastKnownFileType = sourcecode.c.h; path = VAMatrixCellView.h; sourceTree = "<group>"; };
		743CFD911E7EC77700A4CEAE /* VAMatrixCellView.m */ = {isa = PBXFileReference; fileEncoding = 4; lastKnownFileType = sourcecode.c.objc; path = VAMatrixCellView.m; sourceTree = "<group>"; };
		743CFD931E7EE24D00A4CEAE /* UIColor+Hex.h */ = {isa = PBXFileReference; fileEncoding = 4; lastKnownFileType = sourcecode.c.h; path = "UIColor+Hex.h"; sourceTree = "<group>"; };
		743CFD941E7EE24D00A4CEAE /* UIColor+Hex.m */ = {isa = PBXFileReference; fileEncoding = 4; lastKnownFileType = sourcecode.c.objc; path = "UIColor+Hex.m"; sourceTree = "<group>"; };
		74CDA8471E7D512F003B2579 /* VAHomeViewController.h */ = {isa = PBXFileReference; fileEncoding = 4; lastKnownFileType = sourcecode.c.h; path = VAHomeViewController.h; sourceTree = "<group>"; };
		74CDA8481E7D512F003B2579 /* VAHomeViewController.m */ = {isa = PBXFileReference; fileEncoding = 4; lastKnownFileType = sourcecode.c.objc; path = VAHomeViewController.m; sourceTree = "<group>"; };
		74CDA84B1E7D5818003B2579 /* NSString+URLEncode.h */ = {isa = PBXFileReference; fileEncoding = 4; lastKnownFileType = sourcecode.c.h; path = "NSString+URLEncode.h"; sourceTree = "<group>"; };
		74CDA84C1E7D5818003B2579 /* NSString+URLEncode.m */ = {isa = PBXFileReference; fileEncoding = 4; lastKnownFileType = sourcecode.c.objc; path = "NSString+URLEncode.m"; sourceTree = "<group>"; };
		74CDA84E1E7D74DC003B2579 /* VAMDSViewController.h */ = {isa = PBXFileReference; fileEncoding = 4; lastKnownFileType = sourcecode.c.h; path = VAMDSViewController.h; sourceTree = "<group>"; };
		74CDA84F1E7D74DC003B2579 /* VAMDSViewController.m */ = {isa = PBXFileReference; fileEncoding = 4; lastKnownFileType = sourcecode.c.objc; path = VAMDSViewController.m; sourceTree = "<group>"; };
		74CDA8511E7D74EB003B2579 /* VATableListViewController.h */ = {isa = PBXFileReference; fileEncoding = 4; lastKnownFileType = sourcecode.c.h; path = VATableListViewController.h; sourceTree = "<group>"; };
		74CDA8521E7D74EB003B2579 /* VATableListViewController.m */ = {isa = PBXFileReference; fileEncoding = 4; lastKnownFileType = sourcecode.c.objc; path = VATableListViewController.m; sourceTree = "<group>"; };
		74CDA8541E7D74F9003B2579 /* VATimeLineViewController.h */ = {isa = PBXFileReference; fileEncoding = 4; lastKnownFileType = sourcecode.c.h; path = VATimeLineViewController.h; sourceTree = "<group>"; };
		74CDA8551E7D74F9003B2579 /* VATimeLineViewController.m */ = {isa = PBXFileReference; fileEncoding = 4; lastKnownFileType = sourcecode.c.objc; path = VATimeLineViewController.m; sourceTree = "<group>"; };
		74DE5D4E1E7A659C0060EA57 /* MobileVA.app */ = {isa = PBXFileReference; explicitFileType = wrapper.application; includeInIndex = 0; path = MobileVA.app; sourceTree = BUILT_PRODUCTS_DIR; };
		74DE5D521E7A659C0060EA57 /* main.m */ = {isa = PBXFileReference; lastKnownFileType = sourcecode.c.objc; path = main.m; sourceTree = "<group>"; };
		74DE5D541E7A659C0060EA57 /* AppDelegate.h */ = {isa = PBXFileReference; lastKnownFileType = sourcecode.c.h; path = AppDelegate.h; sourceTree = "<group>"; };
		74DE5D551E7A659C0060EA57 /* AppDelegate.m */ = {isa = PBXFileReference; lastKnownFileType = sourcecode.c.objc; path = AppDelegate.m; sourceTree = "<group>"; };
		74DE5D571E7A659C0060EA57 /* ViewController.h */ = {isa = PBXFileReference; lastKnownFileType = sourcecode.c.h; path = ViewController.h; sourceTree = "<group>"; };
		74DE5D581E7A659C0060EA57 /* ViewController.m */ = {isa = PBXFileReference; lastKnownFileType = sourcecode.c.objc; path = ViewController.m; sourceTree = "<group>"; };
		74DE5D5B1E7A659C0060EA57 /* Base */ = {isa = PBXFileReference; lastKnownFileType = file.storyboard; name = Base; path = Base.lproj/LaunchScreen.storyboard; sourceTree = "<group>"; };
		74DE5D5D1E7A659C0060EA57 /* Assets.xcassets */ = {isa = PBXFileReference; lastKnownFileType = folder.assetcatalog; path = Assets.xcassets; sourceTree = "<group>"; };
		74DE5D621E7A659C0060EA57 /* Info.plist */ = {isa = PBXFileReference; lastKnownFileType = text.plist.xml; path = Info.plist; sourceTree = "<group>"; };
		74EA02941E7D76A0004E1AAF /* VATypeDefine.h */ = {isa = PBXFileReference; lastKnownFileType = sourcecode.c.h; path = VATypeDefine.h; sourceTree = "<group>"; };
		801248C5EF1C94B458CB7582 /* Pods-MobileVA.release.xcconfig */ = {isa = PBXFileReference; includeInIndex = 1; lastKnownFileType = text.xcconfig; name = "Pods-MobileVA.release.xcconfig"; path = "Pods/Target Support Files/Pods-MobileVA/Pods-MobileVA.release.xcconfig"; sourceTree = "<group>"; };
/* End PBXFileReference section */

/* Begin PBXFrameworksBuildPhase section */
		74DE5D4B1E7A659C0060EA57 /* Frameworks */ = {
			isa = PBXFrameworksBuildPhase;
			buildActionMask = 2147483647;
			files = (
				212FDD444405E1ACEA770B58 /* libPods-MobileVA.a in Frameworks */,
			);
			runOnlyForDeploymentPostprocessing = 0;
		};
/* End PBXFrameworksBuildPhase section */

/* Begin PBXGroup section */
		20FBCE6B57AC18D6F60781C5 /* Pods */ = {
			isa = PBXGroup;
			children = (
				533FA2F97FE1BB011B8D0B89 /* Pods-MobileVA.debug.xcconfig */,
				801248C5EF1C94B458CB7582 /* Pods-MobileVA.release.xcconfig */,
			);
			name = Pods;
			sourceTree = "<group>";
		};
		7418BF601E7A80FB00B9C2E3 /* Class */ = {
			isa = PBXGroup;
			children = (
				7418BF821E7AB5F500B9C2E3 /* FDSmoother.h */,
				7418BF831E7AB5F500B9C2E3 /* FDSmoother.m */,
				7418BF5D1E7A80F500B9C2E3 /* VAView.h */,
				7418BF5E1E7A80F500B9C2E3 /* VAView.m */,
				7418BF611E7A854D00B9C2E3 /* VADataCoordinator.h */,
				7418BF621E7A854D00B9C2E3 /* VADataCoordinator.m */,
				7418BF641E7A855A00B9C2E3 /* VADataModel.h */,
				7418BF651E7A855A00B9C2E3 /* VADataModel.m */,
				7418BF671E7A908400B9C2E3 /* VAEgoPerson.h */,
				7418BF681E7A908400B9C2E3 /* VAEgoPerson.m */,
				7418BF6A1E7A913F00B9C2E3 /* VAService.h */,
				7418BF6B1E7A913F00B9C2E3 /* VAService.m */,
				7418BF6D1E7A914900B9C2E3 /* VAUtil.h */,
				7418BF6E1E7A914900B9C2E3 /* VAUtil.m */,
			);
			name = Class;
			sourceTree = "<group>";
		};
		7418BF711E7AA98D00B9C2E3 /* View Controller */ = {
			isa = PBXGroup;
			children = (
				74CDA8471E7D512F003B2579 /* VAHomeViewController.h */,
				74CDA8481E7D512F003B2579 /* VAHomeViewController.m */,
				743CFD8D1E7EBF7900A4CEAE /* VAMatrixView.h */,
				743CFD8E1E7EBF7900A4CEAE /* VAMatrixView.m */,
				743CFD901E7EC77700A4CEAE /* VAMatrixCellView.h */,
				743CFD911E7EC77700A4CEAE /* VAMatrixCellView.m */,
				74CDA84A1E7D5135003B2579 /* VA VC */,
			);
			name = "View Controller";
			sourceTree = "<group>";
		};
		7418BF7C1E7AADD300B9C2E3 /* Library */ = {
			isa = PBXGroup;
			children = (
			);
			name = Library;
			sourceTree = "<group>";
		};
		7418BF911E7AB67700B9C2E3 /* Library */ = {
			isa = PBXGroup;
			children = (
				743CFD931E7EE24D00A4CEAE /* UIColor+Hex.h */,
				743CFD941E7EE24D00A4CEAE /* UIColor+Hex.m */,
				742D32A61E7C139A0036B9D9 /* JSON */,
				7418BF7D1E7AADDC00B9C2E3 /* ExtendNSLog.h */,
				7418BF7E1E7AADDC00B9C2E3 /* ExtendNSLog.m */,
				7418BF851E7AB67300B9C2E3 /* UIImage+Trim.h */,
				7418BF861E7AB67300B9C2E3 /* UIImage+Trim.m */,
				7418BF871E7AB67300B9C2E3 /* NSObject+AssociatedObject.h */,
				7418BF881E7AB67400B9C2E3 /* NSObject+AssociatedObject.m */,
				7418BF891E7AB67400B9C2E3 /* UIAlertController+Window.h */,
				7418BF8A1E7AB67400B9C2E3 /* UIAlertController+Window.m */,
				7418BF8B1E7AB67400B9C2E3 /* UIImage+Extensions.h */,
				7418BF8C1E7AB67400B9C2E3 /* UIImage+Extensions.m */,
				74CDA84B1E7D5818003B2579 /* NSString+URLEncode.h */,
				74CDA84C1E7D5818003B2579 /* NSString+URLEncode.m */,
			);
			name = Library;
			sourceTree = "<group>";
		};
		742D32A61E7C139A0036B9D9 /* JSON */ = {
			isa = PBXGroup;
			children = (
				742D32A31E7C13930036B9D9 /* NSDictionary+JSON.h */,
				742D32A41E7C13930036B9D9 /* NSDictionary+JSON.m */,
				742D32A01E7C12FB0036B9D9 /* NSArray+JSON.h */,
				742D32A11E7C12FB0036B9D9 /* NSArray+JSON.m */,
				742D329D1E7C12C50036B9D9 /* NSString+JSON.h */,
				742D329E1E7C12C50036B9D9 /* NSString+JSON.m */,
			);
			name = JSON;
			sourceTree = "<group>";
		};
		74AFE83F1E7C1017001F1D18 /* Data File */ = {
			isa = PBXGroup;
			children = (
			);
			name = "Data File";
			sourceTree = "<group>";
		};
		74CDA84A1E7D5135003B2579 /* VA VC */ = {
			isa = PBXGroup;
			children = (
				7418BF721E7AA9B700B9C2E3 /* VAViewController.h */,
				7418BF731E7AA9B700B9C2E3 /* VAViewController.m */,
				7418BF751E7AA9D000B9C2E3 /* VAVideoViewController.h */,
				7418BF761E7AA9D000B9C2E3 /* VAVideoViewController.m */,
				74CDA84E1E7D74DC003B2579 /* VAMDSViewController.h */,
				74CDA84F1E7D74DC003B2579 /* VAMDSViewController.m */,
				74CDA8511E7D74EB003B2579 /* VATableListViewController.h */,
				74CDA8521E7D74EB003B2579 /* VATableListViewController.m */,
				74CDA8541E7D74F9003B2579 /* VATimeLineViewController.h */,
				74CDA8551E7D74F9003B2579 /* VATimeLineViewController.m */,
			);
			name = "VA VC";
			sourceTree = "<group>";
		};
		74DE5D451E7A659C0060EA57 = {
			isa = PBXGroup;
			children = (
				74DE5D501E7A659C0060EA57 /* MobileVA */,
				74DE5D4F1E7A659C0060EA57 /* Products */,
				20FBCE6B57AC18D6F60781C5 /* Pods */,
				EAC46A975F4FF29FF7C3E8A6 /* Frameworks */,
			);
			sourceTree = "<group>";
		};
		74DE5D4F1E7A659C0060EA57 /* Products */ = {
			isa = PBXGroup;
			children = (
				74DE5D4E1E7A659C0060EA57 /* MobileVA.app */,
			);
			name = Products;
			sourceTree = "<group>";
		};
		74DE5D501E7A659C0060EA57 /* MobileVA */ = {
			isa = PBXGroup;
			children = (
				742D32A71E7C45A90036B9D9 /* Web */,
				7418BF911E7AB67700B9C2E3 /* Library */,
				7418BF711E7AA98D00B9C2E3 /* View Controller */,
				7418BF601E7A80FB00B9C2E3 /* Class */,
				7418BF7C1E7AADD300B9C2E3 /* Library */,
				74AFE83F1E7C1017001F1D18 /* Data File */,
				74DE5D541E7A659C0060EA57 /* AppDelegate.h */,
				74DE5D551E7A659C0060EA57 /* AppDelegate.m */,
				74DE5D571E7A659C0060EA57 /* ViewController.h */,
				74EA02941E7D76A0004E1AAF /* VATypeDefine.h */,
				74DE5D581E7A659C0060EA57 /* ViewController.m */,
				7418BF7A1E7AAA2700B9C2E3 /* Main.storyboard */,
				74DE5D5A1E7A659C0060EA57 /* LaunchScreen.storyboard */,
				74DE5D5D1E7A659C0060EA57 /* Assets.xcassets */,
				74DE5D621E7A659C0060EA57 /* Info.plist */,
				74DE5D511E7A659C0060EA57 /* Supporting Files */,
			);
			path = MobileVA;
			sourceTree = "<group>";
		};
		74DE5D511E7A659C0060EA57 /* Supporting Files */ = {
			isa = PBXGroup;
			children = (
				74DE5D521E7A659C0060EA57 /* main.m */,
				7418BF701E7A916000B9C2E3 /* PrefixHeader.pch */,
			);
			name = "Supporting Files";
			sourceTree = "<group>";
		};
		EAC46A975F4FF29FF7C3E8A6 /* Frameworks */ = {
			isa = PBXGroup;
			children = (
				2DE420BD9E21886D5B8C8CD3 /* libPods-MobileVA.a */,
			);
			name = Frameworks;
			sourceTree = "<group>";
		};
/* End PBXGroup section */

/* Begin PBXNativeTarget section */
		74DE5D4D1E7A659C0060EA57 /* MobileVA */ = {
			isa = PBXNativeTarget;
			buildConfigurationList = 74DE5D651E7A659C0060EA57 /* Build configuration list for PBXNativeTarget "MobileVA" */;
			buildPhases = (
				2D499CC953276735E6636503 /* [CP] Check Pods Manifest.lock */,
				74DE5D4A1E7A659C0060EA57 /* Sources */,
				74DE5D4B1E7A659C0060EA57 /* Frameworks */,
				74DE5D4C1E7A659C0060EA57 /* Resources */,
				D7628DAA1D9344DB4549F319 /* [CP] Embed Pods Frameworks */,
				8613DC306E33C98794415B39 /* [CP] Copy Pods Resources */,
			);
			buildRules = (
			);
			dependencies = (
			);
			name = MobileVA;
			productName = MobileVA;
			productReference = 74DE5D4E1E7A659C0060EA57 /* MobileVA.app */;
			productType = "com.apple.product-type.application";
		};
/* End PBXNativeTarget section */

/* Begin PBXProject section */
		74DE5D461E7A659C0060EA57 /* Project object */ = {
			isa = PBXProject;
			attributes = {
				LastUpgradeCheck = 0820;
				ORGANIZATIONNAME = "Su Yijia";
				TargetAttributes = {
					74DE5D4D1E7A659C0060EA57 = {
						CreatedOnToolsVersion = 8.2;
						DevelopmentTeam = K6W2W86ZS6;
						ProvisioningStyle = Automatic;
					};
				};
			};
			buildConfigurationList = 74DE5D491E7A659C0060EA57 /* Build configuration list for PBXProject "MobileVA" */;
			compatibilityVersion = "Xcode 3.2";
			developmentRegion = English;
			hasScannedForEncodings = 0;
			knownRegions = (
				en,
				Base,
			);
			mainGroup = 74DE5D451E7A659C0060EA57;
			productRefGroup = 74DE5D4F1E7A659C0060EA57 /* Products */;
			projectDirPath = "";
			projectRoot = "";
			targets = (
				74DE5D4D1E7A659C0060EA57 /* MobileVA */,
			);
		};
/* End PBXProject section */

/* Begin PBXResourcesBuildPhase section */
		74DE5D4C1E7A659C0060EA57 /* Resources */ = {
			isa = PBXResourcesBuildPhase;
			buildActionMask = 2147483647;
			files = (
				74DE5D5E1E7A659C0060EA57 /* Assets.xcassets in Resources */,
				7418BF7B1E7AAA2700B9C2E3 /* Main.storyboard in Resources */,
				742D32A81E7C45A90036B9D9 /* Web in Resources */,
				74DE5D5C1E7A659C0060EA57 /* LaunchScreen.storyboard in Resources */,
			);
			runOnlyForDeploymentPostprocessing = 0;
		};
/* End PBXResourcesBuildPhase section */

/* Begin PBXShellScriptBuildPhase section */
		2D499CC953276735E6636503 /* [CP] Check Pods Manifest.lock */ = {
			isa = PBXShellScriptBuildPhase;
			buildActionMask = 2147483647;
			files = (
			);
			inputPaths = (
			);
			name = "[CP] Check Pods Manifest.lock";
			outputPaths = (
			);
			runOnlyForDeploymentPostprocessing = 0;
			shellPath = /bin/sh;
			shellScript = "diff \"${PODS_ROOT}/../Podfile.lock\" \"${PODS_ROOT}/Manifest.lock\" > /dev/null\nif [ $? != 0 ] ; then\n    # print error to STDERR\n    echo \"error: The sandbox is not in sync with the Podfile.lock. Run 'pod install' or update your CocoaPods installation.\" >&2\n    exit 1\nfi\n";
			showEnvVarsInLog = 0;
		};
		8613DC306E33C98794415B39 /* [CP] Copy Pods Resources */ = {
			isa = PBXShellScriptBuildPhase;
			buildActionMask = 2147483647;
			files = (
			);
			inputPaths = (
			);
			name = "[CP] Copy Pods Resources";
			outputPaths = (
			);
			runOnlyForDeploymentPostprocessing = 0;
			shellPath = /bin/sh;
			shellScript = "\"${SRCROOT}/Pods/Target Support Files/Pods-MobileVA/Pods-MobileVA-resources.sh\"\n";
			showEnvVarsInLog = 0;
		};
		D7628DAA1D9344DB4549F319 /* [CP] Embed Pods Frameworks */ = {
			isa = PBXShellScriptBuildPhase;
			buildActionMask = 2147483647;
			files = (
			);
			inputPaths = (
			);
			name = "[CP] Embed Pods Frameworks";
			outputPaths = (
			);
			runOnlyForDeploymentPostprocessing = 0;
			shellPath = /bin/sh;
			shellScript = "\"${SRCROOT}/Pods/Target Support Files/Pods-MobileVA/Pods-MobileVA-frameworks.sh\"\n";
			showEnvVarsInLog = 0;
		};
/* End PBXShellScriptBuildPhase section */

/* Begin PBXSourcesBuildPhase section */
		74DE5D4A1E7A659C0060EA57 /* Sources */ = {
			isa = PBXSourcesBuildPhase;
			buildActionMask = 2147483647;
			files = (
				74CDA8561E7D74F9003B2579 /* VATimeLineViewController.m in Sources */,
				7418BF8E1E7AB67400B9C2E3 /* NSObject+AssociatedObject.m in Sources */,
				74DE5D591E7A659C0060EA57 /* ViewController.m in Sources */,
				7418BF8F1E7AB67400B9C2E3 /* UIAlertController+Window.m in Sources */,
				742D32A21E7C12FB0036B9D9 /* NSArray+JSON.m in Sources */,
				7418BF5F1E7A80F500B9C2E3 /* VAView.m in Sources */,
				7418BF6F1E7A914900B9C2E3 /* VAUtil.m in Sources */,
				742D32A51E7C13930036B9D9 /* NSDictionary+JSON.m in Sources */,
				7418BF691E7A908400B9C2E3 /* VAEgoPerson.m in Sources */,
				74CDA8491E7D512F003B2579 /* VAHomeViewController.m in Sources */,
				7418BF661E7A855A00B9C2E3 /* VADataModel.m in Sources */,
				74DE5D561E7A659C0060EA57 /* AppDelegate.m in Sources */,
				7418BF901E7AB67400B9C2E3 /* UIImage+Extensions.m in Sources */,
				7418BF631E7A854D00B9C2E3 /* VADataCoordinator.m in Sources */,
				7418BF841E7AB5F500B9C2E3 /* FDSmoother.m in Sources */,
				7418BF7F1E7AADDC00B9C2E3 /* ExtendNSLog.m in Sources */,
				743CFD8F1E7EBF7900A4CEAE /* VAMatrixView.m in Sources */,
				74CDA84D1E7D5818003B2579 /* NSString+URLEncode.m in Sources */,
				74CDA8531E7D74EB003B2579 /* VATableListViewController.m in Sources */,
				7418BF741E7AA9B700B9C2E3 /* VAViewController.m in Sources */,
				742D329F1E7C12C50036B9D9 /* NSString+JSON.m in Sources */,
				74CDA8501E7D74DC003B2579 /* VAMDSViewController.m in Sources */,
				7418BF6C1E7A913F00B9C2E3 /* VAService.m in Sources */,
				7418BF8D1E7AB67400B9C2E3 /* UIImage+Trim.m in Sources */,
				74DE5D531E7A659C0060EA57 /* main.m in Sources */,
				743CFD951E7EE24D00A4CEAE /* UIColor+Hex.m in Sources */,
				7418BF771E7AA9D000B9C2E3 /* VAVideoViewController.m in Sources */,
				743CFD921E7EC77700A4CEAE /* VAMatrixCellView.m in Sources */,
			);
			runOnlyForDeploymentPostprocessing = 0;
		};
/* End PBXSourcesBuildPhase section */

/* Begin PBXVariantGroup section */
		74DE5D5A1E7A659C0060EA57 /* LaunchScreen.storyboard */ = {
			isa = PBXVariantGroup;
			children = (
				74DE5D5B1E7A659C0060EA57 /* Base */,
			);
			name = LaunchScreen.storyboard;
			sourceTree = "<group>";
		};
/* End PBXVariantGroup section */

/* Begin XCBuildConfiguration section */
		74DE5D631E7A659C0060EA57 /* Debug */ = {
			isa = XCBuildConfiguration;
			buildSettings = {
				ALWAYS_SEARCH_USER_PATHS = NO;
				CLANG_ANALYZER_NONNULL = YES;
				CLANG_CXX_LANGUAGE_STANDARD = "gnu++0x";
				CLANG_CXX_LIBRARY = "libc++";
				CLANG_ENABLE_MODULES = YES;
				CLANG_ENABLE_OBJC_ARC = YES;
				CLANG_WARN_BOOL_CONVERSION = YES;
				CLANG_WARN_CONSTANT_CONVERSION = YES;
				CLANG_WARN_DIRECT_OBJC_ISA_USAGE = YES_ERROR;
				CLANG_WARN_DOCUMENTATION_COMMENTS = YES;
				CLANG_WARN_EMPTY_BODY = YES;
				CLANG_WARN_ENUM_CONVERSION = YES;
				CLANG_WARN_INFINITE_RECURSION = YES;
				CLANG_WARN_INT_CONVERSION = YES;
				CLANG_WARN_OBJC_ROOT_CLASS = YES_ERROR;
				CLANG_WARN_SUSPICIOUS_MOVE = YES;
				CLANG_WARN_UNREACHABLE_CODE = YES;
				CLANG_WARN__DUPLICATE_METHOD_MATCH = YES;
				"CODE_SIGN_IDENTITY[sdk=iphoneos*]" = "iPhone Developer";
				COPY_PHASE_STRIP = NO;
				DEBUG_INFORMATION_FORMAT = dwarf;
				ENABLE_STRICT_OBJC_MSGSEND = YES;
				ENABLE_TESTABILITY = YES;
				GCC_C_LANGUAGE_STANDARD = gnu99;
				GCC_DYNAMIC_NO_PIC = NO;
				GCC_NO_COMMON_BLOCKS = YES;
				GCC_OPTIMIZATION_LEVEL = 0;
				GCC_PREPROCESSOR_DEFINITIONS = (
					"DEBUG=1",
					"$(inherited)",
				);
				GCC_WARN_64_TO_32_BIT_CONVERSION = YES;
				GCC_WARN_ABOUT_RETURN_TYPE = YES_ERROR;
				GCC_WARN_UNDECLARED_SELECTOR = YES;
				GCC_WARN_UNINITIALIZED_AUTOS = YES_AGGRESSIVE;
				GCC_WARN_UNUSED_FUNCTION = YES;
				GCC_WARN_UNUSED_VARIABLE = YES;
				IPHONEOS_DEPLOYMENT_TARGET = 10.2;
				MTL_ENABLE_DEBUG_INFO = YES;
				ONLY_ACTIVE_ARCH = YES;
				SDKROOT = iphoneos;
			};
			name = Debug;
		};
		74DE5D641E7A659C0060EA57 /* Release */ = {
			isa = XCBuildConfiguration;
			buildSettings = {
				ALWAYS_SEARCH_USER_PATHS = NO;
				CLANG_ANALYZER_NONNULL = YES;
				CLANG_CXX_LANGUAGE_STANDARD = "gnu++0x";
				CLANG_CXX_LIBRARY = "libc++";
				CLANG_ENABLE_MODULES = YES;
				CLANG_ENABLE_OBJC_ARC = YES;
				CLANG_WARN_BOOL_CONVERSION = YES;
				CLANG_WARN_CONSTANT_CONVERSION = YES;
				CLANG_WARN_DIRECT_OBJC_ISA_USAGE = YES_ERROR;
				CLANG_WARN_DOCUMENTATION_COMMENTS = YES;
				CLANG_WARN_EMPTY_BODY = YES;
				CLANG_WARN_ENUM_CONVERSION = YES;
				CLANG_WARN_INFINITE_RECURSION = YES;
				CLANG_WARN_INT_CONVERSION = YES;
				CLANG_WARN_OBJC_ROOT_CLASS = YES_ERROR;
				CLANG_WARN_SUSPICIOUS_MOVE = YES;
				CLANG_WARN_UNREACHABLE_CODE = YES;
				CLANG_WARN__DUPLICATE_METHOD_MATCH = YES;
				"CODE_SIGN_IDENTITY[sdk=iphoneos*]" = "iPhone Developer";
				COPY_PHASE_STRIP = NO;
				DEBUG_INFORMATION_FORMAT = "dwarf-with-dsym";
				ENABLE_NS_ASSERTIONS = NO;
				ENABLE_STRICT_OBJC_MSGSEND = YES;
				GCC_C_LANGUAGE_STANDARD = gnu99;
				GCC_NO_COMMON_BLOCKS = YES;
				GCC_WARN_64_TO_32_BIT_CONVERSION = YES;
				GCC_WARN_ABOUT_RETURN_TYPE = YES_ERROR;
				GCC_WARN_UNDECLARED_SELECTOR = YES;
				GCC_WARN_UNINITIALIZED_AUTOS = YES_AGGRESSIVE;
				GCC_WARN_UNUSED_FUNCTION = YES;
				GCC_WARN_UNUSED_VARIABLE = YES;
				IPHONEOS_DEPLOYMENT_TARGET = 10.2;
				MTL_ENABLE_DEBUG_INFO = NO;
				SDKROOT = iphoneos;
				VALIDATE_PRODUCT = YES;
			};
			name = Release;
		};
		74DE5D661E7A659C0060EA57 /* Debug */ = {
			isa = XCBuildConfiguration;
			baseConfigurationReference = 533FA2F97FE1BB011B8D0B89 /* Pods-MobileVA.debug.xcconfig */;
			buildSettings = {
				ASSETCATALOG_COMPILER_APPICON_NAME = AppIcon;
				DEVELOPMENT_TEAM = K6W2W86ZS6;
				GCC_PREFIX_HEADER = MobileVA/PrefixHeader.pch;
				INFOPLIST_FILE = MobileVA/Info.plist;
				IPHONEOS_DEPLOYMENT_TARGET = 8.0;
				LD_RUNPATH_SEARCH_PATHS = "$(inherited) @executable_path/Frameworks";
				PRODUCT_BUNDLE_IDENTIFIER = me.yijiasu.MobileVA;
				PRODUCT_NAME = "$(TARGET_NAME)";
			};
			name = Debug;
		};
		74DE5D671E7A659C0060EA57 /* Release */ = {
			isa = XCBuildConfiguration;
			baseConfigurationReference = 801248C5EF1C94B458CB7582 /* Pods-MobileVA.release.xcconfig */;
			buildSettings = {
				ASSETCATALOG_COMPILER_APPICON_NAME = AppIcon;
				DEVELOPMENT_TEAM = K6W2W86ZS6;
				GCC_PREFIX_HEADER = MobileVA/PrefixHeader.pch;
				INFOPLIST_FILE = MobileVA/Info.plist;
				IPHONEOS_DEPLOYMENT_TARGET = 8.0;
				LD_RUNPATH_SEARCH_PATHS = "$(inherited) @executable_path/Frameworks";
				PRODUCT_BUNDLE_IDENTIFIER = me.yijiasu.MobileVA;
				PRODUCT_NAME = "$(TARGET_NAME)";
			};
			name = Release;
		};
/* End XCBuildConfiguration section */

/* Begin XCConfigurationList section */
		74DE5D491E7A659C0060EA57 /* Build configuration list for PBXProject "MobileVA" */ = {
			isa = XCConfigurationList;
			buildConfigurations = (
				74DE5D631E7A659C0060EA57 /* Debug */,
				74DE5D641E7A659C0060EA57 /* Release */,
			);
			defaultConfigurationIsVisible = 0;
			defaultConfigurationName = Release;
		};
		74DE5D651E7A659C0060EA57 /* Build configuration list for PBXNativeTarget "MobileVA" */ = {
			isa = XCConfigurationList;
			buildConfigurations = (
				74DE5D661E7A659C0060EA57 /* Debug */,
				74DE5D671E7A659C0060EA57 /* Release */,
			);
			defaultConfigurationIsVisible = 0;
			defaultConfigurationName = Release;
		};
/* End XCConfigurationList section */
	};
	rootObject = 74DE5D461E7A659C0060EA57 /* Project object */;
}
